
Microsoft Visual Studio Solution File, Format Version 12.00
# Visual Studio Version 16
VisualStudioVersion = 16.0.30907.101
MinimumVisualStudioVersion = 10.0.40219.1
Project("{FAE04EC0-301F-11D3-BF4B-00C04F79EFBC}") = "BankNamespace", "ConsoleApp1\BankNamespace.csproj", "{29AAC77B-D3FC-4734-BFB3-F9139523446A}"
EndProject
Global
	GlobalSection(SolutionConfigurationPlatforms) = preSolution
		Debug|Any CPU = Debug|Any CPU
		Release|Any CPU = Release|Any CPU
	EndGlobalSection
	GlobalSection(ProjectConfigurationPlatforms) = postSolution
		{29AAC77B-D3FC-4734-BFB3-F9139523446A}.Debug|Any CPU.ActiveCfg = Debug|Any CPU
		{29AAC77B-D3FC-4734-BFB3-F9139523446A}.Debug|Any CPU.Build.0 = Debug|Any CPU
		{29AAC77B-D3FC-4734-BFB3-F9139523446A}.Release|Any CPU.ActiveCfg = Release|Any CPU
		{29AAC77B-D3FC-4734-BFB3-F9139523446A}.Release|Any CPU.Build.0 = Release|Any CPU
	EndGlobalSection
	GlobalSection(SolutionProperties) = preSolution
		HideSolutionNode = FALSE
	EndGlobalSection
	GlobalSection(ExtensibilityGlobals) = postSolution
		SolutionGuid = {8D5CA42F-5683-4C83-AF15-314ABFD7CCF9}
	EndGlobalSection
EndGlobal
